// !$*UTF8*$!
{
	archiveVersion = 1;
	classes = {
	};
	objectVersion = 46;
	objects = {

/* Begin PBXBuildFile section */
		A1FF920119B8250F00245C95 /* Foundation.framework in Frameworks */ = {isa = PBXBuildFile; fileRef = A1FF920019B8250F00245C95 /* Foundation.framework */; };
		A1FF920319B8250F00245C95 /* CoreGraphics.framework in Frameworks */ = {isa = PBXBuildFile; fileRef = A1FF920219B8250F00245C95 /* CoreGraphics.framework */; };
		A1FF920519B8250F00245C95 /* UIKit.framework in Frameworks */ = {isa = PBXBuildFile; fileRef = A1FF920419B8250F00245C95 /* UIKit.framework */; };
		A1FF920B19B8250F00245C95 /* InfoPlist.strings in Resources */ = {isa = PBXBuildFile; fileRef = A1FF920919B8250F00245C95 /* InfoPlist.strings */; };
		A1FF920D19B8250F00245C95 /* main.m in Sources */ = {isa = PBXBuildFile; fileRef = A1FF920C19B8250F00245C95 /* main.m */; };
		A1FF921119B8250F00245C95 /* ACAppDelegate.m in Sources */ = {isa = PBXBuildFile; fileRef = A1FF921019B8250F00245C95 /* ACAppDelegate.m */; };
		A1FF921419B8250F00245C95 /* Main.storyboard in Resources */ = {isa = PBXBuildFile; fileRef = A1FF921219B8250F00245C95 /* Main.storyboard */; };
		A1FF921719B8250F00245C95 /* ACViewController.m in Sources */ = {isa = PBXBuildFile; fileRef = A1FF921619B8250F00245C95 /* ACViewController.m */; };
		A1FF921919B8250F00245C95 /* Images.xcassets in Resources */ = {isa = PBXBuildFile; fileRef = A1FF921819B8250F00245C95 /* Images.xcassets */; };
		A1FF922019B8250F00245C95 /* XCTest.framework in Frameworks */ = {isa = PBXBuildFile; fileRef = A1FF921F19B8250F00245C95 /* XCTest.framework */; };
		A1FF922119B8250F00245C95 /* Foundation.framework in Frameworks */ = {isa = PBXBuildFile; fileRef = A1FF920019B8250F00245C95 /* Foundation.framework */; };
		A1FF922219B8250F00245C95 /* UIKit.framework in Frameworks */ = {isa = PBXBuildFile; fileRef = A1FF920419B8250F00245C95 /* UIKit.framework */; };
		A1FF922A19B8250F00245C95 /* InfoPlist.strings in Resources */ = {isa = PBXBuildFile; fileRef = A1FF922819B8250F00245C95 /* InfoPlist.strings */; };
		A1FF922C19B8250F00245C95 /* User_Data_Challenge_SolutionTests.m in Sources */ = {isa = PBXBuildFile; fileRef = A1FF922B19B8250F00245C95 /* User_Data_Challenge_SolutionTests.m */; };
/* End PBXBuildFile section */

/* Begin PBXContainerItemProxy section */
		A1FF922319B8250F00245C95 /* PBXContainerItemProxy */ = {
			isa = PBXContainerItemProxy;
			containerPortal = A1FF91F519B8250F00245C95 /* Project object */;
			proxyType = 1;
			remoteGlobalIDString = A1FF91FC19B8250F00245C95;
			remoteInfo = "User Data Challenge Solution";
		};
/* End PBXContainerItemProxy section */

/* Begin PBXFileReference section */
		A1FF91FD19B8250F00245C95 /* User Data Challenge Solution.app */ = {isa = PBXFileReference; explicitFileType = wrapper.application; includeInIndex = 0; path = "User Data Challenge Solution.app"; sourceTree = BUILT_PRODUCTS_DIR; };
		A1FF920019B8250F00245C95 /* Foundation.framework */ = {isa = PBXFileReference; lastKnownFileType = wrapper.framework; name = Foundation.framework; path = System/Library/Frameworks/Foundation.framework; sourceTree = SDKROOT; };
		A1FF920219B8250F00245C95 /* CoreGraphics.framework */ = {isa = PBXFileReference; lastKnownFileType = wrapper.framework; name = CoreGraphics.framework; path = System/Library/Frameworks/CoreGraphics.framework; sourceTree = SDKROOT; };
		A1FF920419B8250F00245C95 /* UIKit.framework */ = {isa = PBXFileReference; lastKnownFileType = wrapper.framework; name = UIKit.framework; path = System/Library/Frameworks/UIKit.framework; sourceTree = SDKROOT; };
		A1FF920819B8250F00245C95 /* User Data Challenge Solution-Info.plist */ = {isa = PBXFileReference; lastKnownFileType = text.plist.xml; path = "User Data Challenge Solution-Info.plist"; sourceTree = "<group>"; };
		A1FF920A19B8250F00245C95 /* en */ = {isa = PBXFileReference; lastKnownFileType = text.plist.strings; name = en; path = en.lproj/InfoPlist.strings; sourceTree = "<group>"; };
		A1FF920C19B8250F00245C95 /* main.m */ = {isa = PBXFileReference; lastKnownFileType = sourcecode.c.objc; path = main.m; sourceTree = "<group>"; };
		A1FF920E19B8250F00245C95 /* User Data Challenge Solution-Prefix.pch */ = {isa = PBXFileReference; lastKnownFileType = sourcecode.c.h; path = "User Data Challenge Solution-Prefix.pch"; sourceTree = "<group>"; };
		A1FF920F19B8250F00245C95 /* ACAppDelegate.h */ = {isa = PBXFileReference; lastKnownFileType = sourcecode.c.h; path = ACAppDelegate.h; sourceTree = "<group>"; };
		A1FF921019B8250F00245C95 /* ACAppDelegate.m */ = {isa = PBXFileReference; lastKnownFileType = sourcecode.c.objc; path = ACAppDelegate.m; sourceTree = "<group>"; };
		A1FF921319B8250F00245C95 /* Base */ = {isa = PBXFileReference; lastKnownFileType = file.storyboard; name = Base; path = Base.lproj/Main.storyboard; sourceTree = "<group>"; };
		A1FF921519B8250F00245C95 /* ACViewController.h */ = {isa = PBXFileReference; lastKnownFileType = sourcecode.c.h; path = ACViewController.h; sourceTree = "<group>"; };
		A1FF921619B8250F00245C95 /* ACViewController.m */ = {isa = PBXFileReference; lastKnownFileType = sourcecode.c.objc; path = ACViewController.m; sourceTree = "<group>"; };
		A1FF921819B8250F00245C95 /* Images.xcassets */ = {isa = PBXFileReference; lastKnownFileType = folder.assetcatalog; path = Images.xcassets; sourceTree = "<group>"; };
		A1FF921E19B8250F00245C95 /* User Data Challenge SolutionTests.xctest */ = {isa = PBXFileReference; explicitFileType = wrapper.cfbundle; includeInIndex = 0; path = "User Data Challenge SolutionTests.xctest"; sourceTree = BUILT_PRODUCTS_DIR; };
		A1FF921F19B8250F00245C95 /* XCTest.framework */ = {isa = PBXFileReference; lastKnownFileType = wrapper.framework; name = XCTest.framework; path = Library/Frameworks/XCTest.framework; sourceTree = DEVELOPER_DIR; };
		A1FF922719B8250F00245C95 /* User Data Challenge SolutionTests-Info.plist */ = {isa = PBXFileReference; lastKnownFileType = text.plist.xml; path = "User Data Challenge SolutionTests-Info.plist"; sourceTree = "<group>"; };
		A1FF922919B8250F00245C95 /* en */ = {isa = PBXFileReference; lastKnownFileType = text.plist.strings; name = en; path = en.lproj/InfoPlist.strings; sourceTree = "<group>"; };
		A1FF922B19B8250F00245C95 /* User_Data_Challenge_SolutionTests.m */ = {isa = PBXFileReference; lastKnownFileType = sourcecode.c.objc; path = User_Data_Challenge_SolutionTests.m; sourceTree = "<group>"; };
/* End PBXFileReference section */

/* Begin PBXFrameworksBuildPhase section */
		A1FF91FA19B8250F00245C95 /* Frameworks */ = {
			isa = PBXFrameworksBuildPhase;
			buildActionMask = 2147483647;
			files = (
				A1FF920319B8250F00245C95 /* CoreGraphics.framework in Frameworks */,
				A1FF920519B8250F00245C95 /* UIKit.framework in Frameworks */,
				A1FF920119B8250F00245C95 /* Foundation.framework in Frameworks */,
			);
			runOnlyForDeploymentPostprocessing = 0;
		};
		A1FF921B19B8250F00245C95 /* Frameworks */ = {
			isa = PBXFrameworksBuildPhase;
			buildActionMask = 2147483647;
			files = (
				A1FF922019B8250F00245C95 /* XCTest.framework in Frameworks */,
				A1FF922219B8250F00245C95 /* UIKit.framework in Frameworks */,
				A1FF922119B8250F00245C95 /* Foundation.framework in Frameworks */,
			);
			runOnlyForDeploymentPostprocessing = 0;
		};
/* End PBXFrameworksBuildPhase section */

/* Begin PBXGroup section */
		A1FF91F419B8250F00245C95 = {
			isa = PBXGroup;
			children = (
				A1FF920619B8250F00245C95 /* User Data Challenge Solution */,
				A1FF922519B8250F00245C95 /* User Data Challenge SolutionTests */,
				A1FF91FF19B8250F00245C95 /* Frameworks */,
				A1FF91FE19B8250F00245C95 /* Products */,
			);
			sourceTree = "<group>";
		};
		A1FF91FE19B8250F00245C95 /* Products */ = {
			isa = PBXGroup;
			children = (
				A1FF91FD19B8250F00245C95 /* User Data Challenge Solution.app */,
				A1FF921E19B8250F00245C95 /* User Data Challenge SolutionTests.xctest */,
			);
			name = Products;
			sourceTree = "<group>";
		};
		A1FF91FF19B8250F00245C95 /* Frameworks */ = {
			isa = PBXGroup;
			children = (
				A1FF920019B8250F00245C95 /* Foundation.framework */,
				A1FF920219B8250F00245C95 /* CoreGraphics.framework */,
				A1FF920419B8250F00245C95 /* UIKit.framework */,
				A1FF921F19B8250F00245C95 /* XCTest.framework */,
			);
			name = Frameworks;
			sourceTree = "<group>";
		};
		A1FF920619B8250F00245C95 /* User Data Challenge Solution */ = {
			isa = PBXGroup;
			children = (
				A1FF920F19B8250F00245C95 /* ACAppDelegate.h */,
				A1FF921019B8250F00245C95 /* ACAppDelegate.m */,
				A1FF921219B8250F00245C95 /* Main.storyboard */,
				A1FF921519B8250F00245C95 /* ACViewController.h */,
				A1FF921619B8250F00245C95 /* ACViewController.m */,
				A1FF921819B8250F00245C95 /* Images.xcassets */,
				A1FF920719B8250F00245C95 /* Supporting Files */,
			);
			path = "User Data Challenge Solution";
			sourceTree = "<group>";
		};
		A1FF920719B8250F00245C95 /* Supporting Files */ = {
			isa = PBXGroup;
			children = (
				A1FF920819B8250F00245C95 /* User Data Challenge Solution-Info.plist */,
				A1FF920919B8250F00245C95 /* InfoPlist.strings */,
				A1FF920C19B8250F00245C95 /* main.m */,
				A1FF920E19B8250F00245C95 /* User Data Challenge Solution-Prefix.pch */,
			);
			name = "Supporting Files";
			sourceTree = "<group>";
		};
		A1FF922519B8250F00245C95 /* User Data Challenge SolutionTests */ = {
			isa = PBXGroup;
			children = (
				A1FF922B19B8250F00245C95 /* User_Data_Challenge_SolutionTests.m */,
				A1FF922619B8250F00245C95 /* Supporting Files */,
			);
			path = "User Data Challenge SolutionTests";
			sourceTree = "<group>";
		};
		A1FF922619B8250F00245C95 /* Supporting Files */ = {
			isa = PBXGroup;
			children = (
				A1FF922719B8250F00245C95 /* User Data Challenge SolutionTests-Info.plist */,
				A1FF922819B8250F00245C95 /* InfoPlist.strings */,
			);
			name = "Supporting Files";
			sourceTree = "<group>";
		};
/* End PBXGroup section */

/* Begin PBXNativeTarget section */
		A1FF91FC19B8250F00245C95 /* User Data Challenge Solution */ = {
			isa = PBXNativeTarget;
			buildConfigurationList = A1FF922F19B8250F00245C95 /* Build configuration list for PBXNativeTarget "User Data Challenge Solution" */;
			buildPhases = (
				A1FF91F919B8250F00245C95 /* Sources */,
				A1FF91FA19B8250F00245C95 /* Frameworks */,
				A1FF91FB19B8250F00245C95 /* Resources */,
			);
			buildRules = (
			);
			dependencies = (
			);
			name = "User Data Challenge Solution";
			productName = "User Data Challenge Solution";
			productReference = A1FF91FD19B8250F00245C95 /* User Data Challenge Solution.app */;
			productType = "com.apple.product-type.application";
		};
		A1FF921D19B8250F00245C95 /* User Data Challenge SolutionTests */ = {
			isa = PBXNativeTarget;
			buildConfigurationList = A1FF923219B8250F00245C95 /* Build configuration list for PBXNativeTarget "User Data Challenge SolutionTests" */;
			buildPhases = (
				A1FF921A19B8250F00245C95 /* Sources */,
				A1FF921B19B8250F00245C95 /* Frameworks */,
				A1FF921C19B8250F00245C95 /* Resources */,
			);
			buildRules = (
			);
			dependencies = (
				A1FF922419B8250F00245C95 /* PBXTargetDependency */,
			);
			name = "User Data Challenge SolutionTests";
			productName = "User Data Challenge SolutionTests";
			productReference = A1FF921E19B8250F00245C95 /* User Data Challenge SolutionTests.xctest */;
			productType = "com.apple.product-type.bundle.unit-test";
		};
/* End PBXNativeTarget section */

/* Begin PBXProject section */
		A1FF91F519B8250F00245C95 /* Project object */ = {
			isa = PBXProject;
			attributes = {
				CLASSPREFIX = AC;
				LastUpgradeCheck = 0510;
				ORGANIZATIONNAME = "Andrew Carmichael";
				TargetAttributes = {
					A1FF921D19B8250F00245C95 = {
						TestTargetID = A1FF91FC19B8250F00245C95;
					};
				};
			};
			buildConfigurationList = A1FF91F819B8250F00245C95 /* Build configuration list for PBXProject "User Data Challenge Solution" */;
			compatibilityVersion = "Xcode 3.2";
			developmentRegion = English;
			hasScannedForEncodings = 0;
			knownRegions = (
				en,
				Base,
			);
			mainGroup = A1FF91F419B8250F00245C95;
			productRefGroup = A1FF91FE19B8250F00245C95 /* Products */;
			projectDirPath = "";
			projectRoot = "";
			targets = (
				A1FF91FC19B8250F00245C95 /* User Data Challenge Solution */,
				A1FF921D19B8250F00245C95 /* User Data Challenge SolutionTests */,
			);
		};
/* End PBXProject section */

/* Begin PBXResourcesBuildPhase section */
		A1FF91FB19B8250F00245C95 /* Resources */ = {
			isa = PBXResourcesBuildPhase;
			buildActionMask = 2147483647;
			files = (
				A1FF921919B8250F00245C95 /* Images.xcassets in Resources */,
				A1FF920B19B8250F00245C95 /* InfoPlist.strings in Resources */,
				A1FF921419B8250F00245C95 /* Main.storyboard in Resources */,
			);
			runOnlyForDeploymentPostprocessing = 0;
		};
		A1FF921C19B8250F00245C95 /* Resources */ = {
			isa = PBXResourcesBuildPhase;
			buildActionMask = 2147483647;
			files = (
				A1FF922A19B8250F00245C95 /* InfoPlist.strings in Resources */,
			);
			runOnlyForDeploymentPostprocessing = 0;
		};
/* End PBXResourcesBuildPhase section */

/* Begin PBXSourcesBuildPhase section */
		A1FF91F919B8250F00245C95 /* Sources */ = {
			isa = PBXSourcesBuildPhase;
			buildActionMask = 2147483647;
			files = (
				A1FF921119B8250F00245C95 /* ACAppDelegate.m in Sources */,
				A1FF921719B8250F00245C95 /* ACViewController.m in Sources */,
				A1FF920D19B8250F00245C95 /* main.m in Sources */,
			);
			runOnlyForDeploymentPostprocessing = 0;
		};
		A1FF921A19B8250F00245C95 /* Sources */ = {
			isa = PBXSourcesBuildPhase;
			buildActionMask = 2147483647;
			files = (
				A1FF922C19B8250F00245C95 /* User_Data_Challenge_SolutionTests.m in Sources */,
			);
			runOnlyForDeploymentPostprocessing = 0;
		};
/* End PBXSourcesBuildPhase section */

/* Begin PBXTargetDependency section */
		A1FF922419B8250F00245C95 /* PBXTargetDependency */ = {
			isa = PBXTargetDependency;
			target = A1FF91FC19B8250F00245C95 /* User Data Challenge Solution */;
			targetProxy = A1FF922319B8250F00245C95 /* PBXContainerItemProxy */;
		};
/* End PBXTargetDependency section */

/* Begin PBXVariantGroup section */
		A1FF920919B8250F00245C95 /* InfoPlist.strings */ = {
			isa = PBXVariantGroup;
			children = (
				A1FF920A19B8250F00245C95 /* en */,
			);
			name = InfoPlist.strings;
			sourceTree = "<group>";
		};
		A1FF921219B8250F00245C95 /* Main.storyboard */ = {
			isa = PBXVariantGroup;
			children = (
				A1FF921319B8250F00245C95 /* Base */,
			);
			name = Main.storyboard;
			sourceTree = "<group>";
		};
		A1FF922819B8250F00245C95 /* InfoPlist.strings */ = {
			isa = PBXVariantGroup;
			children = (
				A1FF922919B8250F00245C95 /* en */,
			);
			name = InfoPlist.strings;
			sourceTree = "<group>";
		};
/* End PBXVariantGroup section */

/* Begin XCBuildConfiguration section */
		A1FF922D19B8250F00245C95 /* Debug */ = {
			isa = XCBuildConfiguration;
			buildSettings = {
				ALWAYS_SEARCH_USER_PATHS = NO;
				CLANG_CXX_LANGUAGE_STANDARD = "gnu++0x";
				CLANG_CXX_LIBRARY = "libc++";
				CLANG_ENABLE_MODULES = YES;
				CLANG_ENABLE_OBJC_ARC = YES;
				CLANG_WARN_BOOL_CONVERSION = YES;
				CLANG_WARN_CONSTANT_CONVERSION = YES;
				CLANG_WARN_DIRECT_OBJC_ISA_USAGE = YES_ERROR;
				CLANG_WARN_EMPTY_BODY = YES;
				CLANG_WARN_ENUM_CONVERSION = YES;
				CLANG_WARN_INT_CONVERSION = YES;
				CLANG_WARN_OBJC_ROOT_CLASS = YES_ERROR;
				CLANG_WARN__DUPLICATE_METHOD_MATCH = YES;
				"CODE_SIGN_IDENTITY[sdk=iphoneos*]" = "iPhone Developer";
				COPY_PHASE_STRIP = NO;
				GCC_C_LANGUAGE_STANDARD = gnu99;
				GCC_DYNAMIC_NO_PIC = NO;
				GCC_OPTIMIZATION_LEVEL = 0;
				GCC_PREPROCESSOR_DEFINITIONS = (
					"DEBUG=1",
					"$(inherited)",
				);
				GCC_SYMBOLS_PRIVATE_EXTERN = NO;
				GCC_WARN_64_TO_32_BIT_CONVERSION = YES;
				GCC_WARN_ABOUT_RETURN_TYPE = YES_ERROR;
				GCC_WARN_UNDECLARED_SELECTOR = YES;
				GCC_WARN_UNINITIALIZED_AUTOS = YES_AGGRESSIVE;
				GCC_WARN_UNUSED_FUNCTION = YES;
				GCC_WARN_UNUSED_VARIABLE = YES;
				IPHONEOS_DEPLOYMENT_TARGET = 7.1;
				ONLY_ACTIVE_ARCH = YES;
				SDKROOT = iphoneos;
			};
			name = Debug;
		};
		A1FF922E19B8250F00245C95 /* Release */ = {
			isa = XCBuildConfiguration;
			buildSettings = {
				ALWAYS_SEARCH_USER_PATHS = NO;
				CLANG_CXX_LANGUAGE_STANDARD = "gnu++0x";
				CLANG_CXX_LIBRARY = "libc++";
				CLANG_ENABLE_MODULES = YES;
				CLANG_ENABLE_OBJC_ARC = YES;
				CLANG_WARN_BOOL_CONVERSION = YES;
				CLANG_WARN_CONSTANT_CONVERSION = YES;
				CLANG_WARN_DIRECT_OBJC_ISA_USAGE = YES_ERROR;
				CLANG_WARN_EMPTY_BODY = YES;
				CLANG_WARN_ENUM_CONVERSION = YES;
				CLANG_WARN_INT_CONVERSION = YES;
				CLANG_WARN_OBJC_ROOT_CLASS = YES_ERROR;
				CLANG_WARN__DUPLICATE_METHOD_MATCH = YES;
				"CODE_SIGN_IDENTITY[sdk=iphoneos*]" = "iPhone Developer";
				COPY_PHASE_STRIP = YES;
				ENABLE_NS_ASSERTIONS = NO;
				GCC_C_LANGUAGE_STANDARD = gnu99;
				GCC_WARN_64_TO_32_BIT_CONVERSION = YES;
				GCC_WARN_ABOUT_RETURN_TYPE = YES_ERROR;
				GCC_WARN_UNDECLARED_SELECTOR = YES;
				GCC_WARN_UNINITIALIZED_AUTOS = YES_AGGRESSIVE;
				GCC_WARN_UNUSED_FUNCTION = YES;
				GCC_WARN_UNUSED_VARIABLE = YES;
				IPHONEOS_DEPLOYMENT_TARGET = 7.1;
				SDKROOT = iphoneos;
				VALIDATE_PRODUCT = YES;
			};
			name = Release;
		};
		A1FF923019B8250F00245C95 /* Debug */ = {
			isa = XCBuildConfiguration;
			buildSettings = {
				ASSETCATALOG_COMPILER_APPICON_NAME = AppIcon;
				ASSETCATALOG_COMPILER_LAUNCHIMAGE_NAME = LaunchImage;
				GCC_PRECOMPILE_PREFIX_HEADER = YES;
				GCC_PREFIX_HEADER = "User Data Challenge Solution/User Data Challenge Solution-Prefix.pch";
				INFOPLIST_FILE = "User Data Challenge Solution/User Data Challenge Solution-Info.plist";
				PRODUCT_NAME = "$(TARGET_NAME)";
				WRAPPER_EXTENSION = app;
			};
			name = Debug;
		};
		A1FF923119B8250F00245C95 /* Release */ = {
			isa = XCBuildConfiguration;
			buildSettings = {
				ASSETCATALOG_COMPILER_APPICON_NAME = AppIcon;
				ASSETCATALOG_COMPILER_LAUNCHIMAGE_NAME = LaunchImage;
				GCC_PRECOMPILE_PREFIX_HEADER = YES;
				GCC_PREFIX_HEADER = "User Data Challenge Solution/User Data Challenge Solution-Prefix.pch";
				INFOPLIST_FILE = "User Data Challenge Solution/User Data Challenge Solution-Info.plist";
				PRODUCT_NAME = "$(TARGET_NAME)";
				WRAPPER_EXTENSION = app;
			};
			name = Release;
		};
		A1FF923319B8250F00245C95 /* Debug */ = {
			isa = XCBuildConfiguration;
			buildSettings = {
				BUNDLE_LOADER = "$(BUILT_PRODUCTS_DIR)/User Data Challenge Solution.app/User Data Challenge Solution";
				FRAMEWORK_SEARCH_PATHS = (
					"$(SDKROOT)/Developer/Library/Frameworks",
					"$(inherited)",
					"$(DEVELOPER_FRAMEWORKS_DIR)",
				);
				GCC_PRECOMPILE_PREFIX_HEADER = YES;
				GCC_PREFIX_HEADER = "User Data Challenge Solution/User Data Challenge Solution-Prefix.pch";
				GCC_PREPROCESSOR_DEFINITIONS = (
					"DEBUG=1",
					"$(inherited)",
				);
				INFOPLIST_FILE = "User Data Challenge SolutionTests/User Data Challenge SolutionTests-Info.plist";
				PRODUCT_NAME = "$(TARGET_NAME)";
				TEST_HOST = "$(BUNDLE_LOADER)";
				WRAPPER_EXTENSION = xctest;
			};
			name = Debug;
		};
		A1FF923419B8250F00245C95 /* Release */ = {
			isa = XCBuildConfiguration;
			buildSettings = {
				BUNDLE_LOADER = "$(BUILT_PRODUCTS_DIR)/User Data Challenge Solution.app/User Data Challenge Solution";
				FRAMEWORK_SEARCH_PATHS = (
					"$(SDKROOT)/Developer/Library/Frameworks",
					"$(inherited)",
					"$(DEVELOPER_FRAMEWORKS_DIR)",
				);
				GCC_PRECOMPILE_PREFIX_HEADER = YES;
				GCC_PREFIX_HEADER = "User Data Challenge Solution/User Data Challenge Solution-Prefix.pch";
				INFOPLIST_FILE = "User Data Challenge SolutionTests/User Data Challenge SolutionTests-Info.plist";
				PRODUCT_NAME = "$(TARGET_NAME)";
				TEST_HOST = "$(BUNDLE_LOADER)";
				WRAPPER_EXTENSION = xctest;
			};
			name = Release;
		};
/* End XCBuildConfiguration section */

/* Begin XCConfigurationList section */
		A1FF91F819B8250F00245C95 /* Build configuration list for PBXProject "User Data Challenge Solution" */ = {
			isa = XCConfigurationList;
			buildConfigurations = (
				A1FF922D19B8250F00245C95 /* Debug */,
				A1FF922E19B8250F00245C95 /* Release */,
			);
			defaultConfigurationIsVisible = 0;
			defaultConfigurationName = Release;
		};
		A1FF922F19B8250F00245C95 /* Build configuration list for PBXNativeTarget "User Data Challenge Solution" */ = {
			isa = XCConfigurationList;
			buildConfigurations = (
				A1FF923019B8250F00245C95 /* Debug */,
				A1FF923119B8250F00245C95 /* Release */,
			);
			defaultConfigurationIsVisible = 0;
		};
		A1FF923219B8250F00245C95 /* Build configuration list for PBXNativeTarget "User Data Challenge SolutionTests" */ = {
			isa = XCConfigurationList;
			buildConfigurations = (
				A1FF923319B8250F00245C95 /* Debug */,
				A1FF923419B8250F00245C95 /* Release */,
			);
			defaultConfigurationIsVisible = 0;
		};
/* End XCConfigurationList section */
	};
	rootObject = A1FF91F519B8250F00245C95 /* Project object */;
}
